
Microsoft Visual Studio Solution File, Format Version 12.00
# Visual Studio 15
VisualStudioVersion = 15.0.28010.2036
MinimumVisualStudioVersion = 10.0.40219.1
Project("{FAE04EC0-301F-11D3-BF4B-00C04F79EFBC}") = "ConfinstaApp.Android", "ConfinstaApp\ConfinstaApp.Android\ConfinstaApp.Android.csproj", "{9FA4BE64-084D-473F-A991-F2F304FB62FA}"
EndProject
Project("{FAE04EC0-301F-11D3-BF4B-00C04F79EFBC}") = "ConfinstaApp.iOS", "ConfinstaApp\ConfinstaApp.iOS\ConfinstaApp.iOS.csproj", "{E62B41D9-A5DB-441C-BCED-ADC9DCA87202}"
EndProject
Project("{9A19103F-16F7-4668-BE54-9A1E7A4F7556}") = "ConfinstaApp", "ConfinstaApp\ConfinstaApp\ConfinstaApp.csproj", "{745153D2-A82A-4F7C-88E4-8DE0D5F92813}"
EndProject
Project("{9A19103F-16F7-4668-BE54-9A1E7A4F7556}") = "MLConsume", "MLConsume\MLConsume.csproj", "{A6BAED5F-8779-439C-92EA-CAA2FC7F9C41}"
EndProject
Global
	GlobalSection(SolutionConfigurationPlatforms) = preSolution
		Debug|Any CPU = Debug|Any CPU
		Debug|iPhone = Debug|iPhone
		Debug|iPhoneSimulator = Debug|iPhoneSimulator
		Release|Any CPU = Release|Any CPU
		Release|iPhone = Release|iPhone
		Release|iPhoneSimulator = Release|iPhoneSimulator
	EndGlobalSection
	GlobalSection(ProjectConfigurationPlatforms) = postSolution
		{9FA4BE64-084D-473F-A991-F2F304FB62FA}.Debug|Any CPU.ActiveCfg = Debug|Any CPU
		{9FA4BE64-084D-473F-A991-F2F304FB62FA}.Debug|Any CPU.Build.0 = Debug|Any CPU
		{9FA4BE64-084D-473F-A991-F2F304FB62FA}.Debug|Any CPU.Deploy.0 = Debug|Any CPU
		{9FA4BE64-084D-473F-A991-F2F304FB62FA}.Debug|iPhone.ActiveCfg = Debug|Any CPU
		{9FA4BE64-084D-473F-A991-F2F304FB62FA}.Debug|iPhone.Build.0 = Debug|Any CPU
		{9FA4BE64-084D-473F-A991-F2F304FB62FA}.Debug|iPhone.Deploy.0 = Debug|Any CPU
		{9FA4BE64-084D-473F-A991-F2F304FB62FA}.Debug|iPhoneSimulator.ActiveCfg = Debug|Any CPU
		{9FA4BE64-084D-473F-A991-F2F304FB62FA}.Debug|iPhoneSimulator.Build.0 = Debug|Any CPU
		{9FA4BE64-084D-473F-A991-F2F304FB62FA}.Debug|iPhoneSimulator.Deploy.0 = Debug|Any CPU
		{9FA4BE64-084D-473F-A991-F2F304FB62FA}.Release|Any CPU.ActiveCfg = Release|Any CPU
		{9FA4BE64-084D-473F-A991-F2F304FB62FA}.Release|Any CPU.Build.0 = Release|Any CPU
		{9FA4BE64-084D-473F-A991-F2F304FB62FA}.Release|Any CPU.Deploy.0 = Release|Any CPU
		{9FA4BE64-084D-473F-A991-F2F304FB62FA}.Release|iPhone.ActiveCfg = Release|Any CPU
		{9FA4BE64-084D-473F-A991-F2F304FB62FA}.Release|iPhone.Build.0 = Release|Any CPU
		{9FA4BE64-084D-473F-A991-F2F304FB62FA}.Release|iPhone.Deploy.0 = Release|Any CPU
		{9FA4BE64-084D-473F-A991-F2F304FB62FA}.Release|iPhoneSimulator.ActiveCfg = Release|Any CPU
		{9FA4BE64-084D-473F-A991-F2F304FB62FA}.Release|iPhoneSimulator.Build.0 = Release|Any CPU
		{9FA4BE64-084D-473F-A991-F2F304FB62FA}.Release|iPhoneSimulator.Deploy.0 = Release|Any CPU
		{E62B41D9-A5DB-441C-BCED-ADC9DCA87202}.Debug|Any CPU.ActiveCfg = Debug|iPhone
		{E62B41D9-A5DB-441C-BCED-ADC9DCA87202}.Debug|iPhone.ActiveCfg = Debug|iPhone
		{E62B41D9-A5DB-441C-BCED-ADC9DCA87202}.Debug|iPhone.Build.0 = Debug|iPhone
		{E62B41D9-A5DB-441C-BCED-ADC9DCA87202}.Debug|iPhoneSimulator.ActiveCfg = Debug|iPhoneSimulator
		{E62B41D9-A5DB-441C-BCED-ADC9DCA87202}.Debug|iPhoneSimulator.Build.0 = Debug|iPhoneSimulator
		{E62B41D9-A5DB-441C-BCED-ADC9DCA87202}.Release|Any CPU.ActiveCfg = Release|iPhone
		{E62B41D9-A5DB-441C-BCED-ADC9DCA87202}.Release|iPhone.ActiveCfg = Release|iPhone
		{E62B41D9-A5DB-441C-BCED-ADC9DCA87202}.Release|iPhone.Build.0 = Release|iPhone
		{E62B41D9-A5DB-441C-BCED-ADC9DCA87202}.Release|iPhoneSimulator.ActiveCfg = Release|iPhoneSimulator
		{E62B41D9-A5DB-441C-BCED-ADC9DCA87202}.Release|iPhoneSimulator.Build.0 = Release|iPhoneSimulator
		{745153D2-A82A-4F7C-88E4-8DE0D5F92813}.Debug|Any CPU.ActiveCfg = Debug|Any CPU
		{745153D2-A82A-4F7C-88E4-8DE0D5F92813}.Debug|Any CPU.Build.0 = Debug|Any CPU
		{745153D2-A82A-4F7C-88E4-8DE0D5F92813}.Debug|iPhone.ActiveCfg = Debug|Any CPU
		{745153D2-A82A-4F7C-88E4-8DE0D5F92813}.Debug|iPhone.Build.0 = Debug|Any CPU
		{745153D2-A82A-4F7C-88E4-8DE0D5F92813}.Debug|iPhoneSimulator.ActiveCfg = Debug|Any CPU
		{745153D2-A82A-4F7C-88E4-8DE0D5F92813}.Debug|iPhoneSimulator.Build.0 = Debug|Any CPU
		{745153D2-A82A-4F7C-88E4-8DE0D5F92813}.Release|Any CPU.ActiveCfg = Release|Any CPU
		{745153D2-A82A-4F7C-88E4-8DE0D5F92813}.Release|Any CPU.Build.0 = Release|Any CPU
		{745153D2-A82A-4F7C-88E4-8DE0D5F92813}.Release|iPhone.ActiveCfg = Release|Any CPU
		{745153D2-A82A-4F7C-88E4-8DE0D5F92813}.Release|iPhone.Build.0 = Release|Any CPU
		{745153D2-A82A-4F7C-88E4-8DE0D5F92813}.Release|iPhoneSimulator.ActiveCfg = Release|Any CPU
		{745153D2-A82A-4F7C-88E4-8DE0D5F92813}.Release|iPhoneSimulator.Build.0 = Release|Any CPU
		{A6BAED5F-8779-439C-92EA-CAA2FC7F9C41}.Debug|Any CPU.ActiveCfg = Debug|Any CPU
		{A6BAED5F-8779-439C-92EA-CAA2FC7F9C41}.Debug|Any CPU.Build.0 = Debug|Any CPU
		{A6BAED5F-8779-439C-92EA-CAA2FC7F9C41}.Debug|iPhone.ActiveCfg = Debug|Any CPU
		{A6BAED5F-8779-439C-92EA-CAA2FC7F9C41}.Debug|iPhone.Build.0 = Debug|Any CPU
		{A6BAED5F-8779-439C-92EA-CAA2FC7F9C41}.Debug|iPhoneSimulator.ActiveCfg = Debug|Any CPU
		{A6BAED5F-8779-439C-92EA-CAA2FC7F9C41}.Debug|iPhoneSimulator.Build.0 = Debug|Any CPU
		{A6BAED5F-8779-439C-92EA-CAA2FC7F9C41}.Release|Any CPU.ActiveCfg = Release|Any CPU
		{A6BAED5F-8779-439C-92EA-CAA2FC7F9C41}.Release|Any CPU.Build.0 = Release|Any CPU
		{A6BAED5F-8779-439C-92EA-CAA2FC7F9C41}.Release|iPhone.ActiveCfg = Release|Any CPU
		{A6BAED5F-8779-439C-92EA-CAA2FC7F9C41}.Release|iPhone.Build.0 = Release|Any CPU
		{A6BAED5F-8779-439C-92EA-CAA2FC7F9C41}.Release|iPhoneSimulator.ActiveCfg = Release|Any CPU
		{A6BAED5F-8779-439C-92EA-CAA2FC7F9C41}.Release|iPhoneSimulator.Build.0 = Release|Any CPU
	EndGlobalSection
	GlobalSection(SolutionProperties) = preSolution
		HideSolutionNode = FALSE
	EndGlobalSection
	GlobalSection(ExtensibilityGlobals) = postSolution
		SolutionGuid = {B35D1A37-5008-4AC7-A3E0-5A92786E0446}
	EndGlobalSection
EndGlobal
